<Solution>
  <Folder Name="/src/" />
  <Folder Name="/src/Services/" />
  <Folder Name="/src/Services/ApiGateway/">
    <Project Path="src/Services/ApiGateway/FinanceHub.ApiGateway/FinanceHub.ApiGateway.csproj" />
  </Folder>
  <Folder Name="/src/Services/PluggyIntegration/">
    <Project Path="src/Services/PluggyIntegration/FinanceHub.PluggyIntegration.Api/FinanceHub.PluggyIntegration.Api.csproj" />
    <Project Path="src/Services/PluggyIntegration/FinanceHub.PluggyIntegration.Application/FinanceHub.PluggyIntegration.Application.csproj" />
    <Project Path="src/Services/PluggyIntegration/FinanceHub.PluggyIntegration.Domain/FinanceHub.PluggyIntegration.Domain.csproj" />
    <Project Path="src/Services/PluggyIntegration/FinanceHub.PluggyIntegration.Infrastructure/FinanceHub.PluggyIntegration.Infrastructure.csproj" />
  </Folder>
  <Folder Name="/src/Services/TransactionAggregator/">
    <Project Path="src/Services/TransactionAggregator/FinanceHub.TransactionAggregator.Api/FinanceHub.TransactionAggregator.Api.csproj" />
    <Project Path="src/Services/TransactionAggregator/FinanceHub.TransactionAggregator.Application/FinanceHub.TransactionAggregator.Application.csproj" />
    <Project Path="src/Services/TransactionAggregator/FinanceHub.TransactionAggregator.Domain/FinanceHub.TransactionAggregator.Domain.csproj" />
    <Project Path="src/Services/TransactionAggregator/FinanceHub.TransactionAggregator.Infrastructure/FinanceHub.TransactionAggregator.Infrastructure.csproj" />
  </Folder>
  <Folder Name="/src/Shared/">
    <Project Path="src/Shared/FinanceHub.Shared.Certificates/FinanceHub.Shared.Certificates.csproj" />
    <Project Path="src/Shared/FinanceHub.Shared.Messaging/FinanceHub.Shared.Messaging.csproj" />
    <Project Path="src/Shared/FinanceHub.Shared.Observability/FinanceHub.Shared.Observability.csproj" />
  </Folder>
  <Folder Name="/tests/">
    <Project Path="tests/FinanceHub.UnitTests/FinanceHub.UnitTests.csproj" />
  </Folder>
</Solution>
