<Solution>
  <Folder Name="/src/" />
  <Folder Name="/src/Services/" />
  <Folder Name="/src/Services/ApiGateway/">
    <Project Path="src/Services/ApiGateway/FinanceHub.ApiGateway/FinanceHub.ApiGateway.csproj" />
  </Folder>
  <Folder Name="/src/Services/AuthConsent/">
    <Project Path="src/Services/AuthConsent/FinanceHub.AuthConsent.Api/FinanceHub.AuthConsent.Api.csproj" />
    <Project Path="src/Services/AuthConsent/FinanceHub.AuthConsent.Application/FinanceHub.AuthConsent.Application.csproj" />
    <Project Path="src/Services/AuthConsent/FinanceHub.AuthConsent.Domain/FinanceHub.AuthConsent.Domain.csproj" />
    <Project Path="src/Services/AuthConsent/FinanceHub.AuthConsent.Infrastructure/FinanceHub.AuthConsent.Infrastructure.csproj" />
  </Folder>
  <Folder Name="/src/Services/InterIntegration/">
    <Project Path="src/Services/InterIntegration/FinanceHub.InterIntegration.Api/FinanceHub.InterIntegration.Api.csproj" />
    <Project Path="src/Services/InterIntegration/FinanceHub.InterIntegration.Application/FinanceHub.InterIntegration.Application.csproj" />
    <Project Path="src/Services/InterIntegration/FinanceHub.InterIntegration.Domain/FinanceHub.InterIntegration.Domain.csproj" />
    <Project Path="src/Services/InterIntegration/FinanceHub.InterIntegration.Infrastructure/FinanceHub.InterIntegration.Infrastructure.csproj" />
  </Folder>
  <Folder Name="/src/Services/ItauIntegration/">
    <Project Path="src/Services/ItauIntegration/FinanceHub.ItauIntegration.Api/FinanceHub.ItauIntegration.Api.csproj" />
    <Project Path="src/Services/ItauIntegration/FinanceHub.ItauIntegration.Application/FinanceHub.ItauIntegration.Application.csproj" />
    <Project Path="src/Services/ItauIntegration/FinanceHub.ItauIntegration.Domain/FinanceHub.ItauIntegration.Domain.csproj" />
    <Project Path="src/Services/ItauIntegration/FinanceHub.ItauIntegration.Infrastructure/FinanceHub.ItauIntegration.Infrastructure.csproj" />
  </Folder>
  <Folder Name="/src/Services/MercadoPagoIntegration/">
    <Project Path="src/Services/MercadoPagoIntegration/FinanceHub.MercadoPagoIntegration.Api/FinanceHub.MercadoPagoIntegration.Api.csproj" />
    <Project Path="src/Services/MercadoPagoIntegration/FinanceHub.MercadoPagoIntegration.Application/FinanceHub.MercadoPagoIntegration.Application.csproj" />
    <Project Path="src/Services/MercadoPagoIntegration/FinanceHub.MercadoPagoIntegration.Domain/FinanceHub.MercadoPagoIntegration.Domain.csproj" />
    <Project Path="src/Services/MercadoPagoIntegration/FinanceHub.MercadoPagoIntegration.Infrastructure/FinanceHub.MercadoPagoIntegration.Infrastructure.csproj" />
  </Folder>
  <Folder Name="/src/Services/TransactionAggregator/">
    <Project Path="src/Services/TransactionAggregator/FinanceHub.TransactionAggregator.Api/FinanceHub.TransactionAggregator.Api.csproj" />
    <Project Path="src/Services/TransactionAggregator/FinanceHub.TransactionAggregator.Application/FinanceHub.TransactionAggregator.Application.csproj" />
    <Project Path="src/Services/TransactionAggregator/FinanceHub.TransactionAggregator.Domain/FinanceHub.TransactionAggregator.Domain.csproj" />
    <Project Path="src/Services/TransactionAggregator/FinanceHub.TransactionAggregator.Infrastructure/FinanceHub.TransactionAggregator.Infrastructure.csproj" />
  </Folder>
  <Folder Name="/src/Shared/">
    <Project Path="src/Shared/FinanceHub.Shared.Certificates/FinanceHub.Shared.Certificates.csproj" />
    <Project Path="src/Shared/FinanceHub.Shared.Messaging/FinanceHub.Shared.Messaging.csproj" />
    <Project Path="src/Shared/FinanceHub.Shared.Observability/FinanceHub.Shared.Observability.csproj" />
  </Folder>
  <Folder Name="/tests/">
    <Project Path="tests/FinanceHub.UnitTests/FinanceHub.UnitTests.csproj" />
  </Folder>
</Solution>
